// !$*UTF8*$!
{
	archiveVersion = 1;
	classes = {
	};
	objectVersion = 46;
	objects = {

/* Begin PBXBuildFile section */
		A6174F3E1ECF527F002DE5AE /* AppDelegate.swift in Sources */ = {isa = PBXBuildFile; fileRef = A6174F3D1ECF527F002DE5AE /* AppDelegate.swift */; };
		A6174F401ECF527F002DE5AE /* ViewController.swift in Sources */ = {isa = PBXBuildFile; fileRef = A6174F3F1ECF527F002DE5AE /* ViewController.swift */; };
		A6174F431ECF527F002DE5AE /* Main.storyboard in Resources */ = {isa = PBXBuildFile; fileRef = A6174F411ECF527F002DE5AE /* Main.storyboard */; };
		A6174F451ECF527F002DE5AE /* Assets.xcassets in Resources */ = {isa = PBXBuildFile; fileRef = A6174F441ECF527F002DE5AE /* Assets.xcassets */; };
		A6174F481ECF527F002DE5AE /* LaunchScreen.storyboard in Resources */ = {isa = PBXBuildFile; fileRef = A6174F461ECF527F002DE5AE /* LaunchScreen.storyboard */; };
		A6174F501ED028BA002DE5AE /* DefinitionViewController.swift in Sources */ = {isa = PBXBuildFile; fileRef = A6174F4F1ED028BA002DE5AE /* DefinitionViewController.swift */; };
		A6174F521ED12469002DE5AE /* Emoji.swift in Sources */ = {isa = PBXBuildFile; fileRef = A6174F511ED12469002DE5AE /* Emoji.swift */; };
/* End PBXBuildFile section */

/* Begin PBXFileReference section */
		A6174F3A1ECF527F002DE5AE /* Emoji Dictionary.app */ = {isa = PBXFileReference; explicitFileType = wrapper.application; includeInIndex = 0; path = "Emoji Dictionary.app"; sourceTree = BUILT_PRODUCTS_DIR; };
		A6174F3D1ECF527F002DE5AE /* AppDelegate.swift */ = {isa = PBXFileReference; lastKnownFileType = sourcecode.swift; path = AppDelegate.swift; sourceTree = "<group>"; };
		A6174F3F1ECF527F002DE5AE /* ViewController.swift */ = {isa = PBXFileReference; lastKnownFileType = sourcecode.swift; path = ViewController.swift; sourceTree = "<group>"; };
		A6174F421ECF527F002DE5AE /* Base */ = {isa = PBXFileReference; lastKnownFileType = file.storyboard; name = Base; path = Base.lproj/Main.storyboard; sourceTree = "<group>"; };
		A6174F441ECF527F002DE5AE /* Assets.xcassets */ = {isa = PBXFileReference; lastKnownFileType = folder.assetcatalog; path = Assets.xcassets; sourceTree = "<group>"; };
		A6174F471ECF527F002DE5AE /* Base */ = {isa = PBXFileReference; lastKnownFileType = file.storyboard; name = Base; path = Base.lproj/LaunchScreen.storyboard; sourceTree = "<group>"; };
		A6174F491ECF527F002DE5AE /* Info.plist */ = {isa = PBXFileReference; lastKnownFileType = text.plist.xml; path = Info.plist; sourceTree = "<group>"; };
		A6174F4F1ED028BA002DE5AE /* DefinitionViewController.swift */ = {isa = PBXFileReference; fileEncoding = 4; lastKnownFileType = sourcecode.swift; path = DefinitionViewController.swift; sourceTree = "<group>"; };
		A6174F511ED12469002DE5AE /* Emoji.swift */ = {isa = PBXFileReference; fileEncoding = 4; lastKnownFileType = sourcecode.swift; path = Emoji.swift; sourceTree = "<group>"; };
/* End PBXFileReference section */

/* Begin PBXFrameworksBuildPhase section */
		A6174F371ECF527F002DE5AE /* Frameworks */ = {
			isa = PBXFrameworksBuildPhase;
			buildActionMask = 2147483647;
			files = (
			);
			runOnlyForDeploymentPostprocessing = 0;
		};
/* End PBXFrameworksBuildPhase section */

/* Begin PBXGroup section */
		A6174F311ECF527F002DE5AE = {
			isa = PBXGroup;
			children = (
				A6174F3C1ECF527F002DE5AE /* Emoji Dictionary */,
				A6174F3B1ECF527F002DE5AE /* Products */,
			);
			sourceTree = "<group>";
		};
		A6174F3B1ECF527F002DE5AE /* Products */ = {
			isa = PBXGroup;
			children = (
				A6174F3A1ECF527F002DE5AE /* Emoji Dictionary.app */,
			);
			name = Products;
			sourceTree = "<group>";
		};
		A6174F3C1ECF527F002DE5AE /* Emoji Dictionary */ = {
			isa = PBXGroup;
			children = (
				A6174F3D1ECF527F002DE5AE /* AppDelegate.swift */,
				A6174F3F1ECF527F002DE5AE /* ViewController.swift */,
				A6174F411ECF527F002DE5AE /* Main.storyboard */,
				A6174F4F1ED028BA002DE5AE /* DefinitionViewController.swift */,
				A6174F511ED12469002DE5AE /* Emoji.swift */,
				A6174F441ECF527F002DE5AE /* Assets.xcassets */,
				A6174F461ECF527F002DE5AE /* LaunchScreen.storyboard */,
				A6174F491ECF527F002DE5AE /* Info.plist */,
			);
			path = "Emoji Dictionary";
			sourceTree = "<group>";
		};
/* End PBXGroup section */

/* Begin PBXNativeTarget section */
		A6174F391ECF527F002DE5AE /* Emoji Dictionary */ = {
			isa = PBXNativeTarget;
			buildConfigurationList = A6174F4C1ECF527F002DE5AE /* Build configuration list for PBXNativeTarget "Emoji Dictionary" */;
			buildPhases = (
				A6174F361ECF527F002DE5AE /* Sources */,
				A6174F371ECF527F002DE5AE /* Frameworks */,
				A6174F381ECF527F002DE5AE /* Resources */,
			);
			buildRules = (
			);
			dependencies = (
			);
			name = "Emoji Dictionary";
			productName = "Emoji Dictionary";
			productReference = A6174F3A1ECF527F002DE5AE /* Emoji Dictionary.app */;
			productType = "com.apple.product-type.application";
		};
/* End PBXNativeTarget section */

/* Begin PBXProject section */
		A6174F321ECF527F002DE5AE /* Project object */ = {
			isa = PBXProject;
			attributes = {
				LastSwiftUpdateCheck = 0820;
				LastUpgradeCheck = 0820;
				ORGANIZATIONNAME = Chadwick;
				TargetAttributes = {
					A6174F391ECF527F002DE5AE = {
						CreatedOnToolsVersion = 8.2.1;
						ProvisioningStyle = Automatic;
					};
				};
			};
			buildConfigurationList = A6174F351ECF527F002DE5AE /* Build configuration list for PBXProject "Emoji Dictionary" */;
			compatibilityVersion = "Xcode 3.2";
			developmentRegion = English;
			hasScannedForEncodings = 0;
			knownRegions = (
				en,
				Base,
			);
			mainGroup = A6174F311ECF527F002DE5AE;
			productRefGroup = A6174F3B1ECF527F002DE5AE /* Products */;
			projectDirPath = "";
			projectRoot = "";
			targets = (
				A6174F391ECF527F002DE5AE /* Emoji Dictionary */,
			);
		};
/* End PBXProject section */

/* Begin PBXResourcesBuildPhase section */
		A6174F381ECF527F002DE5AE /* Resources */ = {
			isa = PBXResourcesBuildPhase;
			buildActionMask = 2147483647;
			files = (
				A6174F481ECF527F002DE5AE /* LaunchScreen.storyboard in Resources */,
				A6174F451ECF527F002DE5AE /* Assets.xcassets in Resources */,
				A6174F431ECF527F002DE5AE /* Main.storyboard in Resources */,
			);
			runOnlyForDeploymentPostprocessing = 0;
		};
/* End PBXResourcesBuildPhase section */

/* Begin PBXSourcesBuildPhase section */
		A6174F361ECF527F002DE5AE /* Sources */ = {
			isa = PBXSourcesBuildPhase;
			buildActionMask = 2147483647;
			files = (
				A6174F401ECF527F002DE5AE /* ViewController.swift in Sources */,
				A6174F501ED028BA002DE5AE /* DefinitionViewController.swift in Sources */,
				A6174F521ED12469002DE5AE /* Emoji.swift in Sources */,
				A6174F3E1ECF527F002DE5AE /* AppDelegate.swift in Sources */,
			);
			runOnlyForDeploymentPostprocessing = 0;
		};
/* End PBXSourcesBuildPhase section */

/* Begin PBXVariantGroup section */
		A6174F411ECF527F002DE5AE /* Main.storyboard */ = {
			isa = PBXVariantGroup;
			children = (
				A6174F421ECF527F002DE5AE /* Base */,
			);
			name = Main.storyboard;
			sourceTree = "<group>";
		};
		A6174F461ECF527F002DE5AE /* LaunchScreen.storyboard */ = {
			isa = PBXVariantGroup;
			children = (
				A6174F471ECF527F002DE5AE /* Base */,
			);
			name = LaunchScreen.storyboard;
			sourceTree = "<group>";
		};
/* End PBXVariantGroup section */

/* Begin XCBuildConfiguration section */
		A6174F4A1ECF527F002DE5AE /* Debug */ = {
			isa = XCBuildConfiguration;
			buildSettings = {
				ALWAYS_SEARCH_USER_PATHS = NO;
				CLANG_ANALYZER_NONNULL = YES;
				CLANG_CXX_LANGUAGE_STANDARD = "gnu++0x";
				CLANG_CXX_LIBRARY = "libc++";
				CLANG_ENABLE_MODULES = YES;
				CLANG_ENABLE_OBJC_ARC = YES;
				CLANG_WARN_BOOL_CONVERSION = YES;
				CLANG_WARN_CONSTANT_CONVERSION = YES;
				CLANG_WARN_DIRECT_OBJC_ISA_USAGE = YES_ERROR;
				CLANG_WARN_DOCUMENTATION_COMMENTS = YES;
				CLANG_WARN_EMPTY_BODY = YES;
				CLANG_WARN_ENUM_CONVERSION = YES;
				CLANG_WARN_INFINITE_RECURSION = YES;
				CLANG_WARN_INT_CONVERSION = YES;
				CLANG_WARN_OBJC_ROOT_CLASS = YES_ERROR;
				CLANG_WARN_SUSPICIOUS_MOVE = YES;
				CLANG_WARN_UNREACHABLE_CODE = YES;
				CLANG_WARN__DUPLICATE_METHOD_MATCH = YES;
				"CODE_SIGN_IDENTITY[sdk=iphoneos*]" = "iPhone Developer";
				COPY_PHASE_STRIP = NO;
				DEBUG_INFORMATION_FORMAT = dwarf;
				ENABLE_STRICT_OBJC_MSGSEND = YES;
				ENABLE_TESTABILITY = YES;
				GCC_C_LANGUAGE_STANDARD = gnu99;
				GCC_DYNAMIC_NO_PIC = NO;
				GCC_NO_COMMON_BLOCKS = YES;
				GCC_OPTIMIZATION_LEVEL = 0;
				GCC_PREPROCESSOR_DEFINITIONS = (
					"DEBUG=1",
					"$(inherited)",
				);
				GCC_WARN_64_TO_32_BIT_CONVERSION = YES;
				GCC_WARN_ABOUT_RETURN_TYPE = YES_ERROR;
				GCC_WARN_UNDECLARED_SELECTOR = YES;
				GCC_WARN_UNINITIALIZED_AUTOS = YES_AGGRESSIVE;
				GCC_WARN_UNUSED_FUNCTION = YES;
				GCC_WARN_UNUSED_VARIABLE = YES;
				IPHONEOS_DEPLOYMENT_TARGET = 10.2;
				MTL_ENABLE_DEBUG_INFO = YES;
				ONLY_ACTIVE_ARCH = YES;
				SDKROOT = iphoneos;
				SWIFT_ACTIVE_COMPILATION_CONDITIONS = DEBUG;
				SWIFT_OPTIMIZATION_LEVEL = "-Onone";
				TARGETED_DEVICE_FAMILY = "1,2";
			};
			name = Debug;
		};
		A6174F4B1ECF527F002DE5AE /* Release */ = {
			isa = XCBuildConfiguration;
			buildSettings = {
				ALWAYS_SEARCH_USER_PATHS = NO;
				CLANG_ANALYZER_NONNULL = YES;
				CLANG_CXX_LANGUAGE_STANDARD = "gnu++0x";
				CLANG_CXX_LIBRARY = "libc++";
				CLANG_ENABLE_MODULES = YES;
				CLANG_ENABLE_OBJC_ARC = YES;
				CLANG_WARN_BOOL_CONVERSION = YES;
				CLANG_WARN_CONSTANT_CONVERSION = YES;
				CLANG_WARN_DIRECT_OBJC_ISA_USAGE = YES_ERROR;
				CLANG_WARN_DOCUMENTATION_COMMENTS = YES;
				CLANG_WARN_EMPTY_BODY = YES;
				CLANG_WARN_ENUM_CONVERSION = YES;
				CLANG_WARN_INFINITE_RECURSION = YES;
				CLANG_WARN_INT_CONVERSION = YES;
				CLANG_WARN_OBJC_ROOT_CLASS = YES_ERROR;
				CLANG_WARN_SUSPICIOUS_MOVE = YES;
				CLANG_WARN_UNREACHABLE_CODE = YES;
				CLANG_WARN__DUPLICATE_METHOD_MATCH = YES;
				"CODE_SIGN_IDENTITY[sdk=iphoneos*]" = "iPhone Developer";
				COPY_PHASE_STRIP = NO;
				DEBUG_INFORMATION_FORMAT = "dwarf-with-dsym";
				ENABLE_NS_ASSERTIONS = NO;
				ENABLE_STRICT_OBJC_MSGSEND = YES;
				GCC_C_LANGUAGE_STANDARD = gnu99;
				GCC_NO_COMMON_BLOCKS = YES;
				GCC_WARN_64_TO_32_BIT_CONVERSION = YES;
				GCC_WARN_ABOUT_RETURN_TYPE = YES_ERROR;
				GCC_WARN_UNDECLARED_SELECTOR = YES;
				GCC_WARN_UNINITIALIZED_AUTOS = YES_AGGRESSIVE;
				GCC_WARN_UNUSED_FUNCTION = YES;
				GCC_WARN_UNUSED_VARIABLE = YES;
				IPHONEOS_DEPLOYMENT_TARGET = 10.2;
				MTL_ENABLE_DEBUG_INFO = NO;
				SDKROOT = iphoneos;
				SWIFT_OPTIMIZATION_LEVEL = "-Owholemodule";
				TARGETED_DEVICE_FAMILY = "1,2";
				VALIDATE_PRODUCT = YES;
			};
			name = Release;
		};
		A6174F4D1ECF527F002DE5AE /* Debug */ = {
			isa = XCBuildConfiguration;
			buildSettings = {
				ASSETCATALOG_COMPILER_APPICON_NAME = AppIcon;
				INFOPLIST_FILE = "Emoji Dictionary/Info.plist";
				LD_RUNPATH_SEARCH_PATHS = "$(inherited) @executable_path/Frameworks";
				PRODUCT_BUNDLE_IDENTIFIER = "chadwick.Emoji-Dictionary";
				PRODUCT_NAME = "$(TARGET_NAME)";
				SWIFT_VERSION = 3.0;
			};
			name = Debug;
		};
		A6174F4E1ECF527F002DE5AE /* Release */ = {
			isa = XCBuildConfiguration;
			buildSettings = {
				ASSETCATALOG_COMPILER_APPICON_NAME = AppIcon;
				INFOPLIST_FILE = "Emoji Dictionary/Info.plist";
				LD_RUNPATH_SEARCH_PATHS = "$(inherited) @executable_path/Frameworks";
				PRODUCT_BUNDLE_IDENTIFIER = "chadwick.Emoji-Dictionary";
				PRODUCT_NAME = "$(TARGET_NAME)";
				SWIFT_VERSION = 3.0;
			};
			name = Release;
		};
/* End XCBuildConfiguration section */

/* Begin XCConfigurationList section */
		A6174F351ECF527F002DE5AE /* Build configuration list for PBXProject "Emoji Dictionary" */ = {
			isa = XCConfigurationList;
			buildConfigurations = (
				A6174F4A1ECF527F002DE5AE /* Debug */,
				A6174F4B1ECF527F002DE5AE /* Release */,
			);
			defaultConfigurationIsVisible = 0;
			defaultConfigurationName = Release;
		};
		A6174F4C1ECF527F002DE5AE /* Build configuration list for PBXNativeTarget "Emoji Dictionary" */ = {
			isa = XCConfigurationList;
			buildConfigurations = (
				A6174F4D1ECF527F002DE5AE /* Debug */,
				A6174F4E1ECF527F002DE5AE /* Release */,
			);
			defaultConfigurationIsVisible = 0;
		};
/* End XCConfigurationList section */
	};
	rootObject = A6174F321ECF527F002DE5AE /* Project object */;
}
